Microsoft Visual Studio Solution File, Format Version 12.00
# Visual Studio Version 17
VisualStudioVersion = 17.5.2.0
MinimumVisualStudioVersion = 10.0.40219.1
Project("{FAE04EC0-301F-11D3-BF4B-00C04F79EFBC}") = "EmailSecurityApi.Tests", "EmailSecurityApi.Tests.csproj", "{B17EFA5E-7C34-EEF9-DC8F-297406EA1E3A}"
EndProject
Global
	GlobalSection(SolutionConfigurationPlatforms) = preSolution
		Debug|Any CPU = Debug|Any CPU
		Release|Any CPU = Release|Any CPU
	EndGlobalSection
	GlobalSection(ProjectConfigurationPlatforms) = postSolution
		{B17EFA5E-7C34-EEF9-DC8F-297406EA1E3A}.Debug|Any CPU.ActiveCfg = Debug|Any CPU
		{B17EFA5E-7C34-EEF9-DC8F-297406EA1E3A}.Debug|Any CPU.Build.0 = Debug|Any CPU
		{B17EFA5E-7C34-EEF9-DC8F-297406EA1E3A}.Release|Any CPU.ActiveCfg = Release|Any CPU
		{B17EFA5E-7C34-EEF9-DC8F-297406EA1E3A}.Release|Any CPU.Build.0 = Release|Any CPU
	EndGlobalSection
	GlobalSection(SolutionProperties) = preSolution
		HideSolutionNode = FALSE
	EndGlobalSection
	GlobalSection(ExtensibilityGlobals) = postSolution
		SolutionGuid = {37BD1989-04B3-433A-B6B7-4D84F491BEE3}
	EndGlobalSection
EndGlobal
